
Microsoft Visual Studio Solution File, Format Version 12.00
# Visual Studio Version 16
VisualStudioVersion = 25.0.1706.6
MinimumVisualStudioVersion = 10.0.40219.1
Project("{FAE04EC0-301F-11D3-BF4B-00C04F79EFBC}") = "TODO Uygulaması", "TODO Uygulaması\TODO Uygulaması.csproj", "{6E3510E3-0040-43A1-AB38-9BDFAC2C6209}"
EndProject
Global
	GlobalSection(SolutionConfigurationPlatforms) = preSolution
		Debug|Any CPU = Debug|Any CPU
		Release|Any CPU = Release|Any CPU
	EndGlobalSection
	GlobalSection(ProjectConfigurationPlatforms) = postSolution
		{6E3510E3-0040-43A1-AB38-9BDFAC2C6209}.Debug|Any CPU.ActiveCfg = Debug|Any CPU
		{6E3510E3-0040-43A1-AB38-9BDFAC2C6209}.Debug|Any CPU.Build.0 = Debug|Any CPU
		{6E3510E3-0040-43A1-AB38-9BDFAC2C6209}.Release|Any CPU.ActiveCfg = Release|Any CPU
		{6E3510E3-0040-43A1-AB38-9BDFAC2C6209}.Release|Any CPU.Build.0 = Release|Any CPU
	EndGlobalSection
	GlobalSection(SolutionProperties) = preSolution
		HideSolutionNode = FALSE
	EndGlobalSection
	GlobalSection(ExtensibilityGlobals) = postSolution
		SolutionGuid = {E5FEFE44-8EDE-4145-8125-A6417A6D25AC}
	EndGlobalSection
EndGlobal
